
Microsoft Visual Studio Solution File, Format Version 12.00
# Visual Studio Version 17
VisualStudioVersion = 17.8.34511.84
MinimumVisualStudioVersion = 10.0.40219.1
Project("{9A19103F-16F7-4668-BE54-9A1E7A4F7556}") = "FirstConsoleApp", "FirstConsoleApp\FirstConsoleApp.csproj", "{2288012B-30A6-43C8-B769-F59BC326E173}"
EndProject
Project("{2150E333-8FDC-42A3-9474-1A3956D46DE8}") = "Presentation", "Presentation", "{64A20A5F-7614-449B-8D99-B6F3B45620DE}"
EndProject
Project("{2150E333-8FDC-42A3-9474-1A3956D46DE8}") = "Business Layer", "Business Layer", "{2A9DDD86-B25A-435F-B618-4039B0886A44}"
EndProject
Project("{9A19103F-16F7-4668-BE54-9A1E7A4F7556}") = "MathLib", "MathLib\MathLib.csproj", "{DD5CC5C3-6667-411B-8BE8-DEFE2517DE49}"
EndProject
Project("{9A19103F-16F7-4668-BE54-9A1E7A4F7556}") = "SimpleWinFormsApp", "SimpleWinFormsApp\SimpleWinFormsApp.csproj", "{FE30509C-8A78-4B54-8D5A-48D684CF9389}"
EndProject
Project("{2150E333-8FDC-42A3-9474-1A3956D46DE8}") = "OOPs Concepts Demo", "OOPs Concepts Demo", "{9B31A318-B690-4C34-AFA7-9992D31C5D67}"
EndProject
Project("{9A19103F-16F7-4668-BE54-9A1E7A4F7556}") = "OOPDemo1", "OOPDemo1\OOPDemo1.csproj", "{D99026C3-E7F7-4CE0-93E1-C23FBDEA675A}"
EndProject
Project("{9A19103F-16F7-4668-BE54-9A1E7A4F7556}") = "OOPDemo2", "OOPDemo2\OOPDemo2.csproj", "{010B2A65-E5C4-45AF-BBB2-9DF8CD9D649E}"
EndProject
Project("{9A19103F-16F7-4668-BE54-9A1E7A4F7556}") = "OOPDemo3", "OOPDemo3\OOPDemo3.csproj", "{2F5D0062-3500-4907-A9BC-0572F4F36BD9}"
EndProject
Project("{9A19103F-16F7-4668-BE54-9A1E7A4F7556}") = "TrainerTraineeApp", "TrainerTraineeApp\TrainerTraineeApp.csproj", "{A88B6C55-EDB4-436B-A7E8-3D8932D1AFFE}"
EndProject
Project("{9A19103F-16F7-4668-BE54-9A1E7A4F7556}") = "ShoppingApp", "OODemo4\ShoppingApp.csproj", "{A18F6D1E-A6BF-4480-833B-D821BB89094F}"
EndProject
Project("{2150E333-8FDC-42A3-9474-1A3956D46DE8}") = "ContactManager", "ContactManager", "{9FEF61BE-423E-46B0-AB8C-78F2FA076BE5}"
EndProject
Project("{9A19103F-16F7-4668-BE54-9A1E7A4F7556}") = "ContactManagerConsoleApp", "ContactManagerConsoleApp\ContactManagerConsoleApp.csproj", "{8D2856B7-1550-4231-88F9-2D10EDE47B44}"
EndProject
Project("{2150E333-8FDC-42A3-9474-1A3956D46DE8}") = "Delegates", "Delegates", "{855EBD5B-4B41-47DF-95A7-E65ED4F9756A}"
EndProject
Project("{9A19103F-16F7-4668-BE54-9A1E7A4F7556}") = "DelegatesDemo1", "DelegatesDemo1\DelegatesDemo1.csproj", "{68527B68-4B8D-43F7-A3A2-DB5178B8BE5B}"
EndProject
Project("{9A19103F-16F7-4668-BE54-9A1E7A4F7556}") = "DelegatesDemo2", "DelegatesDemo2\DelegatesDemo2.csproj", "{7FD171C6-FD3D-41F5-BB64-B26BFAED842F}"
EndProject
Project("{9A19103F-16F7-4668-BE54-9A1E7A4F7556}") = "DelegatesDemo3", "DelegatesDemo3\DelegatesDemo3.csproj", "{00A33DC2-20B4-4418-9B0D-21FFE17956C8}"
EndProject
Project("{2150E333-8FDC-42A3-9474-1A3956D46DE8}") = "Multithreading", "Multithreading", "{E9CAA630-231A-4944-BEE5-3730E8591BE8}"
EndProject
Project("{9A19103F-16F7-4668-BE54-9A1E7A4F7556}") = "IDELanguages", "IDELanguages\IDELanguages.csproj", "{6F4679D7-FE74-453B-8DB3-EBFD56DF99FD}"
EndProject
Project("{9A19103F-16F7-4668-BE54-9A1E7A4F7556}") = "CollectionsDemo", "CollectionsDemo\CollectionsDemo.csproj", "{DE74D1AA-AE67-40C4-8B86-38F8F0561DA8}"
EndProject
Project("{9A19103F-16F7-4668-BE54-9A1E7A4F7556}") = "MTDemo1", "MTDemo1\MTDemo1.csproj", "{B128CB54-AB22-4F4A-979B-BAA2B8ED71C2}"
EndProject
Project("{9A19103F-16F7-4668-BE54-9A1E7A4F7556}") = "WinFormsApp1", "WinFormsApp1\WinFormsApp1.csproj", "{F95BF004-D060-4979-838E-1964DDC95B28}"
EndProject
Project("{9A19103F-16F7-4668-BE54-9A1E7A4F7556}") = "MTDemo2", "MTDemo2\MTDemo2.csproj", "{BFA2172B-578A-4B91-B9E4-8DBB2767476D}"
EndProject
Project("{2150E333-8FDC-42A3-9474-1A3956D46DE8}") = "Collections", "Collections", "{111E2243-BC67-4151-A88F-3CF44D6A45A1}"
EndProject
Project("{9A19103F-16F7-4668-BE54-9A1E7A4F7556}") = "FrequencyCount", "FrequencyCount\FrequencyCount.csproj", "{5498B76D-426D-4202-A108-B851F8713E98}"
EndProject
Project("{9A19103F-16F7-4668-BE54-9A1E7A4F7556}") = "SortString", "SortString\SortString.csproj", "{66672A0D-1CB4-48A0-9CA9-91D8FBB2AB35}"
EndProject
Project("{9A19103F-16F7-4668-BE54-9A1E7A4F7556}") = "SimpleBank.Business", "SimpleBank.Business\SimpleBank.Business.csproj", "{13294B2F-BFC1-4BE8-9C70-9AF7077EC0DA}"
EndProject
Project("{9A19103F-16F7-4668-BE54-9A1E7A4F7556}") = "SImpleBank.Business.TestProject", "SImpleBank.Business.TestProject\SImpleBank.Business.TestProject.csproj", "{50E41D94-AC30-47FC-9FDC-A3C89663B679}"
EndProject
Project("{2150E333-8FDC-42A3-9474-1A3956D46DE8}") = "Ai Case Study", "Ai Case Study", "{0378FEA2-0D1F-421A-8357-35CC3C832E29}"
EndProject
Project("{9A19103F-16F7-4668-BE54-9A1E7A4F7556}") = "AiRecommendeationCoreEngine", "AiRecommendeationCoreEngine\AiRecommendeationCoreEngine.csproj", "{F5363E4D-2EA1-4D0F-A8A6-58A26FB04BD1}"
EndProject
Project("{9A19103F-16F7-4668-BE54-9A1E7A4F7556}") = "AIRecommender.CoreEngine.TestProject", "AIRecommender.CoreEngine.TestProject\AIRecommender.CoreEngine.TestProject.csproj", "{2C513078-6E5B-4A0F-9B94-AD075BFCA594}"
EndProject
Project("{9A19103F-16F7-4668-BE54-9A1E7A4F7556}") = "AIRecommender.DataLoader", "AIRecommender.DataLoader\AIRecommender.DataLoader.csproj", "{A0BFFD34-A6CD-4076-9F97-2E90FBDC4666}"
EndProject
Project("{9A19103F-16F7-4668-BE54-9A1E7A4F7556}") = "AIRecommendation.Aggrigator", "AIRecommendation.Aggrigator\AIRecommendation.Aggrigator.csproj", "{BB9193D3-83DC-4D00-8B7E-A28B9B5AA7E9}"
EndProject
Project("{2150E333-8FDC-42A3-9474-1A3956D46DE8}") = "UnitTesting", "UnitTesting", "{D9832854-EDE6-4D10-95BF-914F725A8FF7}"
EndProject
Project("{FAE04EC0-301F-11D3-BF4B-00C04F79EFBC}") = "AIRecommendation.ConsoleApp", "AIRecommendation.ConsoleApp\AIRecommendation.ConsoleApp.csproj", "{A2E99754-578B-4A60-B4BB-749E23973C60}"
EndProject
Global
	GlobalSection(SolutionConfigurationPlatforms) = preSolution
		Debug|Any CPU = Debug|Any CPU
		Release|Any CPU = Release|Any CPU
	EndGlobalSection
	GlobalSection(ProjectConfigurationPlatforms) = postSolution
		{2288012B-30A6-43C8-B769-F59BC326E173}.Debug|Any CPU.ActiveCfg = Debug|Any CPU
		{2288012B-30A6-43C8-B769-F59BC326E173}.Debug|Any CPU.Build.0 = Debug|Any CPU
		{2288012B-30A6-43C8-B769-F59BC326E173}.Release|Any CPU.ActiveCfg = Release|Any CPU
		{2288012B-30A6-43C8-B769-F59BC326E173}.Release|Any CPU.Build.0 = Release|Any CPU
		{DD5CC5C3-6667-411B-8BE8-DEFE2517DE49}.Debug|Any CPU.ActiveCfg = Debug|Any CPU
		{DD5CC5C3-6667-411B-8BE8-DEFE2517DE49}.Debug|Any CPU.Build.0 = Debug|Any CPU
		{DD5CC5C3-6667-411B-8BE8-DEFE2517DE49}.Release|Any CPU.ActiveCfg = Release|Any CPU
		{DD5CC5C3-6667-411B-8BE8-DEFE2517DE49}.Release|Any CPU.Build.0 = Release|Any CPU
		{FE30509C-8A78-4B54-8D5A-48D684CF9389}.Debug|Any CPU.ActiveCfg = Debug|Any CPU
		{FE30509C-8A78-4B54-8D5A-48D684CF9389}.Debug|Any CPU.Build.0 = Debug|Any CPU
		{FE30509C-8A78-4B54-8D5A-48D684CF9389}.Release|Any CPU.ActiveCfg = Release|Any CPU
		{FE30509C-8A78-4B54-8D5A-48D684CF9389}.Release|Any CPU.Build.0 = Release|Any CPU
		{D99026C3-E7F7-4CE0-93E1-C23FBDEA675A}.Debug|Any CPU.ActiveCfg = Debug|Any CPU
		{D99026C3-E7F7-4CE0-93E1-C23FBDEA675A}.Debug|Any CPU.Build.0 = Debug|Any CPU
		{D99026C3-E7F7-4CE0-93E1-C23FBDEA675A}.Release|Any CPU.ActiveCfg = Release|Any CPU
		{D99026C3-E7F7-4CE0-93E1-C23FBDEA675A}.Release|Any CPU.Build.0 = Release|Any CPU
		{010B2A65-E5C4-45AF-BBB2-9DF8CD9D649E}.Debug|Any CPU.ActiveCfg = Debug|Any CPU
		{010B2A65-E5C4-45AF-BBB2-9DF8CD9D649E}.Debug|Any CPU.Build.0 = Debug|Any CPU
		{010B2A65-E5C4-45AF-BBB2-9DF8CD9D649E}.Release|Any CPU.ActiveCfg = Release|Any CPU
		{010B2A65-E5C4-45AF-BBB2-9DF8CD9D649E}.Release|Any CPU.Build.0 = Release|Any CPU
		{2F5D0062-3500-4907-A9BC-0572F4F36BD9}.Debug|Any CPU.ActiveCfg = Debug|Any CPU
		{2F5D0062-3500-4907-A9BC-0572F4F36BD9}.Debug|Any CPU.Build.0 = Debug|Any CPU
		{2F5D0062-3500-4907-A9BC-0572F4F36BD9}.Release|Any CPU.ActiveCfg = Release|Any CPU
		{2F5D0062-3500-4907-A9BC-0572F4F36BD9}.Release|Any CPU.Build.0 = Release|Any CPU
		{A88B6C55-EDB4-436B-A7E8-3D8932D1AFFE}.Debug|Any CPU.ActiveCfg = Debug|Any CPU
		{A88B6C55-EDB4-436B-A7E8-3D8932D1AFFE}.Debug|Any CPU.Build.0 = Debug|Any CPU
		{A88B6C55-EDB4-436B-A7E8-3D8932D1AFFE}.Release|Any CPU.ActiveCfg = Release|Any CPU
		{A88B6C55-EDB4-436B-A7E8-3D8932D1AFFE}.Release|Any CPU.Build.0 = Release|Any CPU
		{A18F6D1E-A6BF-4480-833B-D821BB89094F}.Debug|Any CPU.ActiveCfg = Debug|Any CPU
		{A18F6D1E-A6BF-4480-833B-D821BB89094F}.Debug|Any CPU.Build.0 = Debug|Any CPU
		{A18F6D1E-A6BF-4480-833B-D821BB89094F}.Release|Any CPU.ActiveCfg = Release|Any CPU
		{A18F6D1E-A6BF-4480-833B-D821BB89094F}.Release|Any CPU.Build.0 = Release|Any CPU
		{8D2856B7-1550-4231-88F9-2D10EDE47B44}.Debug|Any CPU.ActiveCfg = Debug|Any CPU
		{8D2856B7-1550-4231-88F9-2D10EDE47B44}.Debug|Any CPU.Build.0 = Debug|Any CPU
		{8D2856B7-1550-4231-88F9-2D10EDE47B44}.Release|Any CPU.ActiveCfg = Release|Any CPU
		{8D2856B7-1550-4231-88F9-2D10EDE47B44}.Release|Any CPU.Build.0 = Release|Any CPU
		{68527B68-4B8D-43F7-A3A2-DB5178B8BE5B}.Debug|Any CPU.ActiveCfg = Debug|Any CPU
		{68527B68-4B8D-43F7-A3A2-DB5178B8BE5B}.Debug|Any CPU.Build.0 = Debug|Any CPU
		{68527B68-4B8D-43F7-A3A2-DB5178B8BE5B}.Release|Any CPU.ActiveCfg = Release|Any CPU
		{68527B68-4B8D-43F7-A3A2-DB5178B8BE5B}.Release|Any CPU.Build.0 = Release|Any CPU
		{7FD171C6-FD3D-41F5-BB64-B26BFAED842F}.Debug|Any CPU.ActiveCfg = Debug|Any CPU
		{7FD171C6-FD3D-41F5-BB64-B26BFAED842F}.Debug|Any CPU.Build.0 = Debug|Any CPU
		{7FD171C6-FD3D-41F5-BB64-B26BFAED842F}.Release|Any CPU.ActiveCfg = Release|Any CPU
		{7FD171C6-FD3D-41F5-BB64-B26BFAED842F}.Release|Any CPU.Build.0 = Release|Any CPU
		{00A33DC2-20B4-4418-9B0D-21FFE17956C8}.Debug|Any CPU.ActiveCfg = Debug|Any CPU
		{00A33DC2-20B4-4418-9B0D-21FFE17956C8}.Debug|Any CPU.Build.0 = Debug|Any CPU
		{00A33DC2-20B4-4418-9B0D-21FFE17956C8}.Release|Any CPU.ActiveCfg = Release|Any CPU
		{00A33DC2-20B4-4418-9B0D-21FFE17956C8}.Release|Any CPU.Build.0 = Release|Any CPU
		{6F4679D7-FE74-453B-8DB3-EBFD56DF99FD}.Debug|Any CPU.ActiveCfg = Debug|Any CPU
		{6F4679D7-FE74-453B-8DB3-EBFD56DF99FD}.Debug|Any CPU.Build.0 = Debug|Any CPU
		{6F4679D7-FE74-453B-8DB3-EBFD56DF99FD}.Release|Any CPU.ActiveCfg = Release|Any CPU
		{6F4679D7-FE74-453B-8DB3-EBFD56DF99FD}.Release|Any CPU.Build.0 = Release|Any CPU
		{DE74D1AA-AE67-40C4-8B86-38F8F0561DA8}.Debug|Any CPU.ActiveCfg = Debug|Any CPU
		{DE74D1AA-AE67-40C4-8B86-38F8F0561DA8}.Debug|Any CPU.Build.0 = Debug|Any CPU
		{DE74D1AA-AE67-40C4-8B86-38F8F0561DA8}.Release|Any CPU.ActiveCfg = Release|Any CPU
		{DE74D1AA-AE67-40C4-8B86-38F8F0561DA8}.Release|Any CPU.Build.0 = Release|Any CPU
		{B128CB54-AB22-4F4A-979B-BAA2B8ED71C2}.Debug|Any CPU.ActiveCfg = Debug|Any CPU
		{B128CB54-AB22-4F4A-979B-BAA2B8ED71C2}.Debug|Any CPU.Build.0 = Debug|Any CPU
		{B128CB54-AB22-4F4A-979B-BAA2B8ED71C2}.Release|Any CPU.ActiveCfg = Release|Any CPU
		{B128CB54-AB22-4F4A-979B-BAA2B8ED71C2}.Release|Any CPU.Build.0 = Release|Any CPU
		{F95BF004-D060-4979-838E-1964DDC95B28}.Debug|Any CPU.ActiveCfg = Debug|Any CPU
		{F95BF004-D060-4979-838E-1964DDC95B28}.Debug|Any CPU.Build.0 = Debug|Any CPU
		{F95BF004-D060-4979-838E-1964DDC95B28}.Release|Any CPU.ActiveCfg = Release|Any CPU
		{F95BF004-D060-4979-838E-1964DDC95B28}.Release|Any CPU.Build.0 = Release|Any CPU
		{BFA2172B-578A-4B91-B9E4-8DBB2767476D}.Debug|Any CPU.ActiveCfg = Debug|Any CPU
		{BFA2172B-578A-4B91-B9E4-8DBB2767476D}.Debug|Any CPU.Build.0 = Debug|Any CPU
		{BFA2172B-578A-4B91-B9E4-8DBB2767476D}.Release|Any CPU.ActiveCfg = Release|Any CPU
		{BFA2172B-578A-4B91-B9E4-8DBB2767476D}.Release|Any CPU.Build.0 = Release|Any CPU
		{5498B76D-426D-4202-A108-B851F8713E98}.Debug|Any CPU.ActiveCfg = Debug|Any CPU
		{5498B76D-426D-4202-A108-B851F8713E98}.Debug|Any CPU.Build.0 = Debug|Any CPU
		{5498B76D-426D-4202-A108-B851F8713E98}.Release|Any CPU.ActiveCfg = Release|Any CPU
		{5498B76D-426D-4202-A108-B851F8713E98}.Release|Any CPU.Build.0 = Release|Any CPU
		{66672A0D-1CB4-48A0-9CA9-91D8FBB2AB35}.Debug|Any CPU.ActiveCfg = Debug|Any CPU
		{66672A0D-1CB4-48A0-9CA9-91D8FBB2AB35}.Debug|Any CPU.Build.0 = Debug|Any CPU
		{66672A0D-1CB4-48A0-9CA9-91D8FBB2AB35}.Release|Any CPU.ActiveCfg = Release|Any CPU
		{66672A0D-1CB4-48A0-9CA9-91D8FBB2AB35}.Release|Any CPU.Build.0 = Release|Any CPU
		{13294B2F-BFC1-4BE8-9C70-9AF7077EC0DA}.Debug|Any CPU.ActiveCfg = Debug|Any CPU
		{13294B2F-BFC1-4BE8-9C70-9AF7077EC0DA}.Debug|Any CPU.Build.0 = Debug|Any CPU
		{13294B2F-BFC1-4BE8-9C70-9AF7077EC0DA}.Release|Any CPU.ActiveCfg = Release|Any CPU
		{13294B2F-BFC1-4BE8-9C70-9AF7077EC0DA}.Release|Any CPU.Build.0 = Release|Any CPU
		{50E41D94-AC30-47FC-9FDC-A3C89663B679}.Debug|Any CPU.ActiveCfg = Debug|Any CPU
		{50E41D94-AC30-47FC-9FDC-A3C89663B679}.Debug|Any CPU.Build.0 = Debug|Any CPU
		{50E41D94-AC30-47FC-9FDC-A3C89663B679}.Release|Any CPU.ActiveCfg = Release|Any CPU
		{50E41D94-AC30-47FC-9FDC-A3C89663B679}.Release|Any CPU.Build.0 = Release|Any CPU
		{F5363E4D-2EA1-4D0F-A8A6-58A26FB04BD1}.Debug|Any CPU.ActiveCfg = Debug|Any CPU
		{F5363E4D-2EA1-4D0F-A8A6-58A26FB04BD1}.Debug|Any CPU.Build.0 = Debug|Any CPU
		{F5363E4D-2EA1-4D0F-A8A6-58A26FB04BD1}.Release|Any CPU.ActiveCfg = Release|Any CPU
		{F5363E4D-2EA1-4D0F-A8A6-58A26FB04BD1}.Release|Any CPU.Build.0 = Release|Any CPU
		{2C513078-6E5B-4A0F-9B94-AD075BFCA594}.Debug|Any CPU.ActiveCfg = Debug|Any CPU
		{2C513078-6E5B-4A0F-9B94-AD075BFCA594}.Debug|Any CPU.Build.0 = Debug|Any CPU
		{2C513078-6E5B-4A0F-9B94-AD075BFCA594}.Release|Any CPU.ActiveCfg = Release|Any CPU
		{2C513078-6E5B-4A0F-9B94-AD075BFCA594}.Release|Any CPU.Build.0 = Release|Any CPU
		{A0BFFD34-A6CD-4076-9F97-2E90FBDC4666}.Debug|Any CPU.ActiveCfg = Debug|Any CPU
		{A0BFFD34-A6CD-4076-9F97-2E90FBDC4666}.Debug|Any CPU.Build.0 = Debug|Any CPU
		{A0BFFD34-A6CD-4076-9F97-2E90FBDC4666}.Release|Any CPU.ActiveCfg = Release|Any CPU
		{A0BFFD34-A6CD-4076-9F97-2E90FBDC4666}.Release|Any CPU.Build.0 = Release|Any CPU
		{BB9193D3-83DC-4D00-8B7E-A28B9B5AA7E9}.Debug|Any CPU.ActiveCfg = Debug|Any CPU
		{BB9193D3-83DC-4D00-8B7E-A28B9B5AA7E9}.Debug|Any CPU.Build.0 = Debug|Any CPU
		{BB9193D3-83DC-4D00-8B7E-A28B9B5AA7E9}.Release|Any CPU.ActiveCfg = Release|Any CPU
		{BB9193D3-83DC-4D00-8B7E-A28B9B5AA7E9}.Release|Any CPU.Build.0 = Release|Any CPU
		{A2E99754-578B-4A60-B4BB-749E23973C60}.Debug|Any CPU.ActiveCfg = Debug|Any CPU
		{A2E99754-578B-4A60-B4BB-749E23973C60}.Debug|Any CPU.Build.0 = Debug|Any CPU
		{A2E99754-578B-4A60-B4BB-749E23973C60}.Release|Any CPU.ActiveCfg = Release|Any CPU
		{A2E99754-578B-4A60-B4BB-749E23973C60}.Release|Any CPU.Build.0 = Release|Any CPU
	EndGlobalSection
	GlobalSection(SolutionProperties) = preSolution
		HideSolutionNode = FALSE
	EndGlobalSection
	GlobalSection(NestedProjects) = preSolution
		{2288012B-30A6-43C8-B769-F59BC326E173} = {64A20A5F-7614-449B-8D99-B6F3B45620DE}
		{DD5CC5C3-6667-411B-8BE8-DEFE2517DE49} = {2A9DDD86-B25A-435F-B618-4039B0886A44}
		{FE30509C-8A78-4B54-8D5A-48D684CF9389} = {64A20A5F-7614-449B-8D99-B6F3B45620DE}
		{D99026C3-E7F7-4CE0-93E1-C23FBDEA675A} = {9B31A318-B690-4C34-AFA7-9992D31C5D67}
		{010B2A65-E5C4-45AF-BBB2-9DF8CD9D649E} = {9B31A318-B690-4C34-AFA7-9992D31C5D67}
		{2F5D0062-3500-4907-A9BC-0572F4F36BD9} = {9B31A318-B690-4C34-AFA7-9992D31C5D67}
		{A88B6C55-EDB4-436B-A7E8-3D8932D1AFFE} = {9B31A318-B690-4C34-AFA7-9992D31C5D67}
		{A18F6D1E-A6BF-4480-833B-D821BB89094F} = {9B31A318-B690-4C34-AFA7-9992D31C5D67}
		{8D2856B7-1550-4231-88F9-2D10EDE47B44} = {9FEF61BE-423E-46B0-AB8C-78F2FA076BE5}
		{68527B68-4B8D-43F7-A3A2-DB5178B8BE5B} = {855EBD5B-4B41-47DF-95A7-E65ED4F9756A}
		{7FD171C6-FD3D-41F5-BB64-B26BFAED842F} = {855EBD5B-4B41-47DF-95A7-E65ED4F9756A}
		{00A33DC2-20B4-4418-9B0D-21FFE17956C8} = {855EBD5B-4B41-47DF-95A7-E65ED4F9756A}
		{6F4679D7-FE74-453B-8DB3-EBFD56DF99FD} = {9B31A318-B690-4C34-AFA7-9992D31C5D67}
		{DE74D1AA-AE67-40C4-8B86-38F8F0561DA8} = {111E2243-BC67-4151-A88F-3CF44D6A45A1}
		{B128CB54-AB22-4F4A-979B-BAA2B8ED71C2} = {E9CAA630-231A-4944-BEE5-3730E8591BE8}
		{F95BF004-D060-4979-838E-1964DDC95B28} = {E9CAA630-231A-4944-BEE5-3730E8591BE8}
		{BFA2172B-578A-4B91-B9E4-8DBB2767476D} = {E9CAA630-231A-4944-BEE5-3730E8591BE8}
		{5498B76D-426D-4202-A108-B851F8713E98} = {111E2243-BC67-4151-A88F-3CF44D6A45A1}
		{66672A0D-1CB4-48A0-9CA9-91D8FBB2AB35} = {111E2243-BC67-4151-A88F-3CF44D6A45A1}
		{13294B2F-BFC1-4BE8-9C70-9AF7077EC0DA} = {D9832854-EDE6-4D10-95BF-914F725A8FF7}
		{50E41D94-AC30-47FC-9FDC-A3C89663B679} = {D9832854-EDE6-4D10-95BF-914F725A8FF7}
		{F5363E4D-2EA1-4D0F-A8A6-58A26FB04BD1} = {0378FEA2-0D1F-421A-8357-35CC3C832E29}
		{2C513078-6E5B-4A0F-9B94-AD075BFCA594} = {0378FEA2-0D1F-421A-8357-35CC3C832E29}
		{A0BFFD34-A6CD-4076-9F97-2E90FBDC4666} = {0378FEA2-0D1F-421A-8357-35CC3C832E29}
		{BB9193D3-83DC-4D00-8B7E-A28B9B5AA7E9} = {0378FEA2-0D1F-421A-8357-35CC3C832E29}
		{A2E99754-578B-4A60-B4BB-749E23973C60} = {0378FEA2-0D1F-421A-8357-35CC3C832E29}
	EndGlobalSection
	GlobalSection(ExtensibilityGlobals) = postSolution
		SolutionGuid = {DD0678B4-9DD7-4C07-B2E6-38E6F9929479}
	EndGlobalSection
EndGlobal
